
Microsoft Visual Studio Solution File, Format Version 12.00
# Visual Studio Version 17
VisualStudioVersion = 17.6.33815.320
MinimumVisualStudioVersion = 10.0.40219.1
Project("{FAE04EC0-301F-11D3-BF4B-00C04F79EFBC}") = "スクリーンセーバー 時計", "スクリーンセーバー 時計\スクリーンセーバー 時計.csproj", "{919DFFCE-284C-4D5B-83FA-90631009C9AA}"
EndProject
Global
	GlobalSection(SolutionConfigurationPlatforms) = preSolution
		Debug|Any CPU = Debug|Any CPU
		Release|Any CPU = Release|Any CPU
	EndGlobalSection
	GlobalSection(ProjectConfigurationPlatforms) = postSolution
		{919DFFCE-284C-4D5B-83FA-90631009C9AA}.Debug|Any CPU.ActiveCfg = Debug|Any CPU
		{919DFFCE-284C-4D5B-83FA-90631009C9AA}.Debug|Any CPU.Build.0 = Debug|Any CPU
		{919DFFCE-284C-4D5B-83FA-90631009C9AA}.Release|Any CPU.ActiveCfg = Release|Any CPU
		{919DFFCE-284C-4D5B-83FA-90631009C9AA}.Release|Any CPU.Build.0 = Release|Any CPU
	EndGlobalSection
	GlobalSection(SolutionProperties) = preSolution
		HideSolutionNode = FALSE
	EndGlobalSection
	GlobalSection(ExtensibilityGlobals) = postSolution
		SolutionGuid = {3B2F34D8-8822-4897-8080-1EE036417D9E}
	EndGlobalSection
EndGlobal
